
Microsoft Visual Studio Solution File, Format Version 12.00
# Visual Studio 15
VisualStudioVersion = 15.0.28307.489
MinimumVisualStudioVersion = 10.0.40219.1
Project("{9A19103F-16F7-4668-BE54-9A1E7A4F7556}") = "Lab3", "Lab3\Lab3.csproj", "{AD8C473C-4310-44E5-A1E6-3ABDF4B9D24C}"
EndProject
Project("{FAE04EC0-301F-11D3-BF4B-00C04F79EFBC}") = "WebApiTests", "WebApiTests\WebApiTests.csproj", "{5327F493-4BAB-486D-B886-736E6348FD70}"
EndProject
Global
	GlobalSection(SolutionConfigurationPlatforms) = preSolution
		Debug|Any CPU = Debug|Any CPU
		Release|Any CPU = Release|Any CPU
	EndGlobalSection
	GlobalSection(ProjectConfigurationPlatforms) = postSolution
		{AD8C473C-4310-44E5-A1E6-3ABDF4B9D24C}.Debug|Any CPU.ActiveCfg = Debug|Any CPU
		{AD8C473C-4310-44E5-A1E6-3ABDF4B9D24C}.Debug|Any CPU.Build.0 = Debug|Any CPU
		{AD8C473C-4310-44E5-A1E6-3ABDF4B9D24C}.Release|Any CPU.ActiveCfg = Release|Any CPU
		{AD8C473C-4310-44E5-A1E6-3ABDF4B9D24C}.Release|Any CPU.Build.0 = Release|Any CPU
		{5327F493-4BAB-486D-B886-736E6348FD70}.Debug|Any CPU.ActiveCfg = Debug|Any CPU
		{5327F493-4BAB-486D-B886-736E6348FD70}.Debug|Any CPU.Build.0 = Debug|Any CPU
		{5327F493-4BAB-486D-B886-736E6348FD70}.Release|Any CPU.ActiveCfg = Release|Any CPU
		{5327F493-4BAB-486D-B886-736E6348FD70}.Release|Any CPU.Build.0 = Release|Any CPU
	EndGlobalSection
	GlobalSection(SolutionProperties) = preSolution
		HideSolutionNode = FALSE
	EndGlobalSection
	GlobalSection(ExtensibilityGlobals) = postSolution
		SolutionGuid = {FB98B556-9A9D-4941-A239-D4C9411382C7}
	EndGlobalSection
EndGlobal
